speakeasyVersion: 1.315.2
sources:
    json-development:
        sourceNamespace: json-development
        sourceRevisionDigest: sha256:673c40436cf6511c9b7629a7882072ef8ee23453e6b777af25c2ab8d9a149a8a
        sourceBlobDigest: sha256:be824c6647996617fb6fd7ea6b234c66f101d67d28a79402f53258bbd957c404
        tags:
            - latest
            - main
targets:
    my-first-target:
        source: json-development
        sourceNamespace: json-development
        sourceRevisionDigest: sha256:673c40436cf6511c9b7629a7882072ef8ee23453e6b777af25c2ab8d9a149a8a
        sourceBlobDigest: sha256:be824c6647996617fb6fd7ea6b234c66f101d67d28a79402f53258bbd957c404
        codeSamplesNamespace: code-samples-typescript
        codeSamplesRevisionDigest: sha256:d2709435b29d0c25bddce4e89fcaa0ddd02efa67df8425d0e7244f585ced33b7
        outLocation: /github/workspace/repo
workflow:
    workflowVersion: 1.0.0
    speakeasyVersion: latest
    sources:
        json-development:
            inputs:
                - location: http://api.novu.co/openapi.sdk.json
            overlays:
                - location: ./sources/cleanup-overlay.yaml
            output: sources/json-development.json
            registry:
                location: registry.speakeasyapi.dev/novu/novu/json-development
    targets:
        my-first-target:
            target: typescript
            source: json-development
            publish:
                npm:
                    token: $npm_token
            codeSamples:
                output: sources/code-samples.yaml
                registry:
                    location: registry.speakeasyapi.dev/novu/novu/code-samples-typescript
